
Microsoft Visual Studio Solution File, Format Version 12.00
# Visual Studio 15
VisualStudioVersion = 15.0.27130.2027
MinimumVisualStudioVersion = 10.0.40219.1
Project("{FAE04EC0-301F-11D3-BF4B-00C04F79EFBC}") = "MonkeyPuzzle", "MonkeyPuzzleMaker\MonkeyPuzzle.csproj", "{C2013A57-FE69-41CF-A3B6-3A76BB82AAB0}"
EndProject
Project("{FAE04EC0-301F-11D3-BF4B-00C04F79EFBC}") = "MonkeyPuzzleResultViewer", "MonkeyPuzzleResultViewer\MonkeyPuzzleResultViewer.csproj", "{7874DD38-BF0D-423D-BBBA-A5C6F2BDB35F}"
EndProject
Project("{FAE04EC0-301F-11D3-BF4B-00C04F79EFBC}") = "Utilities", "Utilities\Utilities.csproj", "{7E4543D5-C6D5-4E53-9D70-4DC6304AF4A8}"
EndProject
Global
	GlobalSection(SolutionConfigurationPlatforms) = preSolution
		Debug|Any CPU = Debug|Any CPU
		Release|Any CPU = Release|Any CPU
	EndGlobalSection
	GlobalSection(ProjectConfigurationPlatforms) = postSolution
		{C2013A57-FE69-41CF-A3B6-3A76BB82AAB0}.Debug|Any CPU.ActiveCfg = Debug|Any CPU
		{C2013A57-FE69-41CF-A3B6-3A76BB82AAB0}.Debug|Any CPU.Build.0 = Debug|Any CPU
		{C2013A57-FE69-41CF-A3B6-3A76BB82AAB0}.Release|Any CPU.ActiveCfg = Release|Any CPU
		{C2013A57-FE69-41CF-A3B6-3A76BB82AAB0}.Release|Any CPU.Build.0 = Release|Any CPU
		{7874DD38-BF0D-423D-BBBA-A5C6F2BDB35F}.Debug|Any CPU.ActiveCfg = Debug|Any CPU
		{7874DD38-BF0D-423D-BBBA-A5C6F2BDB35F}.Debug|Any CPU.Build.0 = Debug|Any CPU
		{7874DD38-BF0D-423D-BBBA-A5C6F2BDB35F}.Release|Any CPU.ActiveCfg = Release|Any CPU
		{7874DD38-BF0D-423D-BBBA-A5C6F2BDB35F}.Release|Any CPU.Build.0 = Release|Any CPU
		{7E4543D5-C6D5-4E53-9D70-4DC6304AF4A8}.Debug|Any CPU.ActiveCfg = Debug|Any CPU
		{7E4543D5-C6D5-4E53-9D70-4DC6304AF4A8}.Debug|Any CPU.Build.0 = Debug|Any CPU
		{7E4543D5-C6D5-4E53-9D70-4DC6304AF4A8}.Release|Any CPU.ActiveCfg = Release|Any CPU
		{7E4543D5-C6D5-4E53-9D70-4DC6304AF4A8}.Release|Any CPU.Build.0 = Release|Any CPU
	EndGlobalSection
	GlobalSection(SolutionProperties) = preSolution
		HideSolutionNode = FALSE
	EndGlobalSection
	GlobalSection(ExtensibilityGlobals) = postSolution
		SolutionGuid = {DBA0E251-C3D5-4A69-9721-C98C2694B850}
	EndGlobalSection
EndGlobal
